{
  "name": "swmm-node-test",
  "version": "1.0.0",
  "lockfileVersion": 2,
  "requires": true,
  "packages": {
    "": {
      "name": "swmm-node-test",
      "version": "1.0.0",
      "license": "ISC",
      "dependencies": {
        "swmm-node": "file:C:/Users/datap/Documents/GitHub/__swmmReact/swmm-node"
      }
    },
    "../swmm-node": {
      "name": "swmmreact-ops",
      "version": "0.0.1",
      "license": "MIT",
      "dependencies": {
        "node": "^19.6.0",
        "react-scripts": "^5.0.1"
      },
      "devDependencies": {
        "@commitlint/cli": "^13.1.0",
        "@commitlint/config-conventional": "^13.1.0",
        "@types/jest": "^27.0.1",
        "@typescript-eslint/eslint-plugin": "^4.31.1",
        "@typescript-eslint/parser": "^4.31.1",
        "eslint": "^7.32.0",
        "eslint-config-prettier": "^8.3.0",
        "eslint-plugin-prettier": "^4.0.0",
        "jest": "^27.2.0",
        "pinst": "^2.1.6",
        "prettier": "^2.4.0",
        "ts-jest": "^27.0.5",
        "ts-loader": "^9.2.5",
        "typescript": "^4.4.3",
        "webpack": "^5.52.1",
        "webpack-cli": "^4.8.0"
      }
    },
    "node_modules/swmm-node": {
      "resolved": "../swmm-node",
      "link": true
    }
  },
  "dependencies": {
    "swmm-node": {
      "version": "file:../swmm-node",
      "requires": {
        "@commitlint/cli": "^13.1.0",
        "@commitlint/config-conventional": "^13.1.0",
        "@types/jest": "^27.0.1",
        "@typescript-eslint/eslint-plugin": "^4.31.1",
        "@typescript-eslint/parser": "^4.31.1",
        "eslint": "^7.32.0",
        "eslint-config-prettier": "^8.3.0",
        "eslint-plugin-prettier": "^4.0.0",
        "jest": "^27.2.0",
        "node": "^19.6.0",
        "pinst": "^2.1.6",
        "prettier": "^2.4.0",
        "react-scripts": "^5.0.1",
        "ts-jest": "^27.0.5",
        "ts-loader": "^9.2.5",
        "typescript": "^4.4.3",
        "webpack": "^5.52.1",
        "webpack-cli": "^4.8.0"
      }
    }
  }
}
